
Microsoft Visual Studio Solution File, Format Version 12.00
# Visual Studio Version 17
VisualStudioVersion = 17.9.34728.123
MinimumVisualStudioVersion = 10.0.40219.1
Project("{FAE04EC0-301F-11D3-BF4B-00C04F79EFBC}") = "DistributedSystems.LaboratoryWork.Number1", "DistributedSystems.LaboratoryWork.Number1\DistributedSystems.LaboratoryWork.Number1.csproj", "{EBA6039E-2848-43AE-9188-E1940456402F}"
EndProject
Project("{FAE04EC0-301F-11D3-BF4B-00C04F79EFBC}") = "DistributedSystems.LaboratoryWork.Nuget", "DistributedSystems.LaboratoryWork.Nuget\DistributedSystems.LaboratoryWork.Nuget.csproj", "{0995C64F-F09C-4E89-A621-BA7AC959FCC5}"
EndProject
Global
	GlobalSection(SolutionConfigurationPlatforms) = preSolution
		Debug|Any CPU = Debug|Any CPU
		Release|Any CPU = Release|Any CPU
	EndGlobalSection
	GlobalSection(ProjectConfigurationPlatforms) = postSolution
		{EBA6039E-2848-43AE-9188-E1940456402F}.Debug|Any CPU.ActiveCfg = Debug|Any CPU
		{EBA6039E-2848-43AE-9188-E1940456402F}.Debug|Any CPU.Build.0 = Debug|Any CPU
		{EBA6039E-2848-43AE-9188-E1940456402F}.Release|Any CPU.ActiveCfg = Release|Any CPU
		{EBA6039E-2848-43AE-9188-E1940456402F}.Release|Any CPU.Build.0 = Release|Any CPU
		{0995C64F-F09C-4E89-A621-BA7AC959FCC5}.Debug|Any CPU.ActiveCfg = Debug|Any CPU
		{0995C64F-F09C-4E89-A621-BA7AC959FCC5}.Debug|Any CPU.Build.0 = Debug|Any CPU
		{0995C64F-F09C-4E89-A621-BA7AC959FCC5}.Release|Any CPU.ActiveCfg = Release|Any CPU
		{0995C64F-F09C-4E89-A621-BA7AC959FCC5}.Release|Any CPU.Build.0 = Release|Any CPU
	EndGlobalSection
	GlobalSection(SolutionProperties) = preSolution
		HideSolutionNode = FALSE
	EndGlobalSection
	GlobalSection(ExtensibilityGlobals) = postSolution
		SolutionGuid = {364EC7A4-649B-425D-AE9F-0B38346008F6}
	EndGlobalSection
EndGlobal
