
Microsoft Visual Studio Solution File, Format Version 12.00
# Visual Studio Version 17
VisualStudioVersion = 17.9.34728.123
MinimumVisualStudioVersion = 10.0.40219.1
Project("{9A19103F-16F7-4668-BE54-9A1E7A4F7556}") = "DistributedSystems.LaboratoryWork.Number1", "DistributedSystems.LaboratoryWork.Number1\DistributedSystems.LaboratoryWork.Number1.csproj", "{3FD17162-EEB3-42C8-B54E-89D0F4BCFC14}"
EndProject
Project("{9A19103F-16F7-4668-BE54-9A1E7A4F7556}") = "DistributedSystems.LaboratoryWork.Nuget", "DistributedSystems.LaboratoryWork.Nuget\DistributedSystems.LaboratoryWork.Nuget.csproj", "{B879B589-4D93-47E5-90DB-3172B37FF4D7}"
EndProject
Global
	GlobalSection(SolutionConfigurationPlatforms) = preSolution
		Debug|Any CPU = Debug|Any CPU
		Release|Any CPU = Release|Any CPU
	EndGlobalSection
	GlobalSection(ProjectConfigurationPlatforms) = postSolution
		{3FD17162-EEB3-42C8-B54E-89D0F4BCFC14}.Debug|Any CPU.ActiveCfg = Debug|Any CPU
		{3FD17162-EEB3-42C8-B54E-89D0F4BCFC14}.Debug|Any CPU.Build.0 = Debug|Any CPU
		{3FD17162-EEB3-42C8-B54E-89D0F4BCFC14}.Release|Any CPU.ActiveCfg = Release|Any CPU
		{3FD17162-EEB3-42C8-B54E-89D0F4BCFC14}.Release|Any CPU.Build.0 = Release|Any CPU
		{B879B589-4D93-47E5-90DB-3172B37FF4D7}.Debug|Any CPU.ActiveCfg = Debug|Any CPU
		{B879B589-4D93-47E5-90DB-3172B37FF4D7}.Debug|Any CPU.Build.0 = Debug|Any CPU
		{B879B589-4D93-47E5-90DB-3172B37FF4D7}.Release|Any CPU.ActiveCfg = Release|Any CPU
		{B879B589-4D93-47E5-90DB-3172B37FF4D7}.Release|Any CPU.Build.0 = Release|Any CPU
	EndGlobalSection
	GlobalSection(SolutionProperties) = preSolution
		HideSolutionNode = FALSE
	EndGlobalSection
	GlobalSection(ExtensibilityGlobals) = postSolution
		SolutionGuid = {5539CB2E-5BC5-43A9-8823-A6D69AFB21B4}
	EndGlobalSection
EndGlobal
